Microsoft Visual Studio Solution File, Format Version 11.00
# Visual Studio 2010
Project("{8BC9CEB8-8B4A-11D0-8D11-00A0C91BC942}") = "DigitalIO", "DigitalIO.vcxproj", "{227E759E-47BE-4ACC-8595-F598287B1049}"
EndProject
Global
	GlobalSection(SolutionConfigurationPlatforms) = preSolution
		Debug|Win32 = Debug|Win32
		Release|Win32 = Release|Win32
	EndGlobalSection
	GlobalSection(ProjectConfigurationPlatforms) = postSolution
		{227E759E-47BE-4ACC-8595-F598287B1049}.Debug|Win32.ActiveCfg = Debug|Win32
		{227E759E-47BE-4ACC-8595-F598287B1049}.Debug|Win32.Build.0 = Debug|Win32
		{227E759E-47BE-4ACC-8595-F598287B1049}.Release|Win32.ActiveCfg = Release|Win32
		{227E759E-47BE-4ACC-8595-F598287B1049}.Release|Win32.Build.0 = Release|Win32
	EndGlobalSection
	GlobalSection(SolutionProperties) = preSolution
		HideSolutionNode = FALSE
	EndGlobalSection
EndGlobal
