
Microsoft Visual Studio Solution File, Format Version 11.00
# Visual Studio 2010
Project("{FAE04EC0-301F-11D3-BF4B-00C04F79EFBC}") = "Binarization", "Binarization\Binarization.csproj", "{170EB938-17B2-4373-9673-3403DF53612F}"
EndProject
Global
	GlobalSection(SolutionConfigurationPlatforms) = preSolution
		Debug|x86 = Debug|x86
		Release|x86 = Release|x86
	EndGlobalSection
	GlobalSection(ProjectConfigurationPlatforms) = postSolution
		{170EB938-17B2-4373-9673-3403DF53612F}.Debug|x86.ActiveCfg = Debug|x86
		{170EB938-17B2-4373-9673-3403DF53612F}.Debug|x86.Build.0 = Debug|x86
		{170EB938-17B2-4373-9673-3403DF53612F}.Release|x86.ActiveCfg = Release|x86
		{170EB938-17B2-4373-9673-3403DF53612F}.Release|x86.Build.0 = Release|x86
	EndGlobalSection
	GlobalSection(SolutionProperties) = preSolution
		HideSolutionNode = FALSE
	EndGlobalSection
EndGlobal
