
Microsoft Visual Studio Solution File, Format Version 11.00
# Visual Studio 2010
Project("{F184B08F-C81C-45F6-A57F-5ABD9991F28F}") = "MakingDeviceSettings", "Making Device Settings\MakingDeviceSettings.vbproj", "{8A666C71-C0BD-4E3E-A094-9C4BA874614B}"
EndProject
Global
	GlobalSection(SolutionConfigurationPlatforms) = preSolution
		Debug|x86 = Debug|x86
		Release|x86 = Release|x86
	EndGlobalSection
	GlobalSection(ProjectConfigurationPlatforms) = postSolution
		{8A666C71-C0BD-4E3E-A094-9C4BA874614B}.Debug|x86.ActiveCfg = Debug|x86
		{8A666C71-C0BD-4E3E-A094-9C4BA874614B}.Debug|x86.Build.0 = Debug|x86
		{8A666C71-C0BD-4E3E-A094-9C4BA874614B}.Release|x86.ActiveCfg = Release|x86
		{8A666C71-C0BD-4E3E-A094-9C4BA874614B}.Release|x86.Build.0 = Release|x86
	EndGlobalSection
	GlobalSection(SolutionProperties) = preSolution
		HideSolutionNode = FALSE
	EndGlobalSection
EndGlobal
