
Microsoft Visual Studio Solution File, Format Version 11.00
# Visual Studio 2010
Project("{FAE04EC0-301F-11D3-BF4B-00C04F79EFBC}") = "Saving Codec Properties", "Saving Codec Properties\Saving Codec Properties.csproj", "{6BCEA2D1-C2D0-4AD4-9ACA-1EF08CEA8AC5}"
EndProject
Global
	GlobalSection(SolutionConfigurationPlatforms) = preSolution
		Debug|x86 = Debug|x86
		Release|x86 = Release|x86
	EndGlobalSection
	GlobalSection(ProjectConfigurationPlatforms) = postSolution
		{6BCEA2D1-C2D0-4AD4-9ACA-1EF08CEA8AC5}.Debug|x86.ActiveCfg = Debug|x86
		{6BCEA2D1-C2D0-4AD4-9ACA-1EF08CEA8AC5}.Debug|x86.Build.0 = Debug|x86
		{6BCEA2D1-C2D0-4AD4-9ACA-1EF08CEA8AC5}.Release|x86.ActiveCfg = Release|x86
		{6BCEA2D1-C2D0-4AD4-9ACA-1EF08CEA8AC5}.Release|x86.Build.0 = Release|x86
	EndGlobalSection
	GlobalSection(SolutionProperties) = preSolution
		HideSolutionNode = FALSE
	EndGlobalSection
EndGlobal
