<?xml version="1.0" encoding="utf-8"?>
<Project ToolsVersion="4.0" xmlns="http://schemas.microsoft.com/developer/msbuild/2003">
  <ItemGroup>
    <Filter Include="Common">
      <UniqueIdentifier>{b8eb0b52-f174-4246-b8bd-e7ceb3d46eb7}</UniqueIdentifier>
    </Filter>
  </ItemGroup>
  <ItemGroup>
    <ClCompile Include="..\Common\SimplePropertyAccess.cpp">
      <Filter>Common</Filter>
    </ClCompile>
    <ClCompile Include="SimpleProperty.cpp" />
  </ItemGroup>
  <ItemGroup>
    <ClInclude Include="..\Common\SimplePropertyAccess.h">
      <Filter>Common</Filter>
    </ClInclude>
  </ItemGroup>
</Project>